{
  "requires": true,
  "lockfileVersion": 1,
  "dependencies": {
    "quantum-store": {
      "version": "1.0.8",
      "resolved": "https://registry.npmjs.org/quantum-store/-/quantum-store-1.0.8.tgz",
      "integrity": "sha512-blKSEmQHUhR11SC0m49Da+fRjoOp/eaWvNfOLARiO9YTSOZr/wy6GNNeZJd7fgwxYnP5CsjWrAmSXlfmyC2aaQ=="
    }
  }
}
